{
  "name": "phlex_ui",
  "version": "0.1.4",
  "lockfileVersion": 2,
  "requires": true,
  "packages": {
    "": {
      "name": "phlex_ui",
      "version": "0.1.4",
      "license": "ISC",
      "dependencies": {
        "@hotwired/stimulus": "^3.2.2",
        "chart.js": "^4.4.1",
        "date-fns": "^2.30.0",
        "fuse.js": "^7.0.0",
        "motion": "^10.16.4",
        "mustache": "^4.2.0",
        "tippy.js": "^6.3.7"
      }
    },
    "node_modules/@babel/runtime": {
      "version": "7.23.2",
      "resolved": "https://registry.npmjs.org/@babel/runtime/-/runtime-7.23.2.tgz",
      "integrity": "sha512-mM8eg4yl5D6i3lu2QKPuPH4FArvJ8KhTofbE7jwMUv9KX5mBvwPAqnV3MlyBNqdp9RyRKP6Yck8TrfYrPvX3bg==",
      "dependencies": {
        "regenerator-runtime": "^0.14.0"
      },
      "engines": {
        "node": ">=6.9.0"
      }
    },
    "node_modules/@hotwired/stimulus": {
      "version": "3.2.2",
      "resolved": "https://registry.npmjs.org/@hotwired/stimulus/-/stimulus-3.2.2.tgz",
      "integrity": "sha512-eGeIqNOQpXoPAIP7tC1+1Yc1yl1xnwYqg+3mzqxyrbE5pg5YFBZcA6YoTiByJB6DKAEsiWtl6tjTJS4IYtbB7A=="
    },
    "node_modules/@kurkle/color": {
      "version": "0.3.2",
      "resolved": "https://registry.npmjs.org/@kurkle/color/-/color-0.3.2.tgz",
      "integrity": "sha512-fuscdXJ9G1qb7W8VdHi+IwRqij3lBkosAm4ydQtEmbY58OzHXqQhvlxqEkoz0yssNVn38bcpRWgA9PP+OGoisw=="
    },
    "node_modules/@motionone/animation": {
      "version": "10.16.3",
      "resolved": "https://registry.npmjs.org/@motionone/animation/-/animation-10.16.3.tgz",
      "integrity": "sha512-QUGWpLbMFLhyqKlngjZhjtxM8IqiJQjLK0DF+XOF6od9nhSvlaeEpOY/UMCRVcZn/9Tr2rZO22EkuCIjYdI74g==",
      "dependencies": {
        "@motionone/easing": "^10.16.3",
        "@motionone/types": "^10.16.3",
        "@motionone/utils": "^10.16.3",
        "tslib": "^2.3.1"
      }
    },
    "node_modules/@motionone/dom": {
      "version": "10.16.4",
      "resolved": "https://registry.npmjs.org/@motionone/dom/-/dom-10.16.4.tgz",
      "integrity": "sha512-HPHlVo/030qpRj9R8fgY50KTN4Ko30moWRTA3L3imrsRBmob93cTYmodln49HYFbQm01lFF7X523OkKY0DX6UA==",
      "dependencies": {
        "@motionone/animation": "^10.16.3",
        "@motionone/generators": "^10.16.4",
        "@motionone/types": "^10.16.3",
        "@motionone/utils": "^10.16.3",
        "hey-listen": "^1.0.8",
        "tslib": "^2.3.1"
      }
    },
    "node_modules/@motionone/easing": {
      "version": "10.16.3",
      "resolved": "https://registry.npmjs.org/@motionone/easing/-/easing-10.16.3.tgz",
      "integrity": "sha512-HWTMZbTmZojzwEuKT/xCdvoMPXjYSyQvuVM6jmM0yoGU6BWzsmYMeB4bn38UFf618fJCNtP9XeC/zxtKWfbr0w==",
      "dependencies": {
        "@motionone/utils": "^10.16.3",
        "tslib": "^2.3.1"
      }
    },
    "node_modules/@motionone/generators": {
      "version": "10.16.4",
      "resolved": "https://registry.npmjs.org/@motionone/generators/-/generators-10.16.4.tgz",
      "integrity": "sha512-geFZ3w0Rm0ZXXpctWsSf3REGywmLLujEjxPYpBR0j+ymYwof0xbV6S5kGqqsDKgyWKVWpUInqQYvQfL6fRbXeg==",
      "dependencies": {
        "@motionone/types": "^10.16.3",
        "@motionone/utils": "^10.16.3",
        "tslib": "^2.3.1"
      }
    },
    "node_modules/@motionone/svelte": {
      "version": "10.16.4",
      "resolved": "https://registry.npmjs.org/@motionone/svelte/-/svelte-10.16.4.tgz",
      "integrity": "sha512-zRVqk20lD1xqe+yEDZhMYgftsuHc25+9JSo+r0a0OWUJFocjSV9D/+UGhX4xgJsuwB9acPzXLr20w40VnY2PQA==",
      "dependencies": {
        "@motionone/dom": "^10.16.4",
        "tslib": "^2.3.1"
      }
    },
    "node_modules/@motionone/types": {
      "version": "10.16.3",
      "resolved": "https://registry.npmjs.org/@motionone/types/-/types-10.16.3.tgz",
      "integrity": "sha512-W4jkEGFifDq73DlaZs3HUfamV2t1wM35zN/zX7Q79LfZ2sc6C0R1baUHZmqc/K5F3vSw3PavgQ6HyHLd/MXcWg=="
    },
    "node_modules/@motionone/utils": {
      "version": "10.16.3",
      "resolved": "https://registry.npmjs.org/@motionone/utils/-/utils-10.16.3.tgz",
      "integrity": "sha512-WNWDksJIxQkaI9p9Z9z0+K27xdqISGNFy1SsWVGaiedTHq0iaT6iZujby8fT/ZnZxj1EOaxJtSfUPCFNU5CRoA==",
      "dependencies": {
        "@motionone/types": "^10.16.3",
        "hey-listen": "^1.0.8",
        "tslib": "^2.3.1"
      }
    },
    "node_modules/@motionone/vue": {
      "version": "10.16.4",
      "resolved": "https://registry.npmjs.org/@motionone/vue/-/vue-10.16.4.tgz",
      "integrity": "sha512-z10PF9JV6SbjFq+/rYabM+8CVlMokgl8RFGvieSGNTmrkQanfHn+15XBrhG3BgUfvmTeSeyShfOHpG0i9zEdcg==",
      "dependencies": {
        "@motionone/dom": "^10.16.4",
        "tslib": "^2.3.1"
      }
    },
    "node_modules/@popperjs/core": {
      "version": "2.11.8",
      "resolved": "https://registry.npmjs.org/@popperjs/core/-/core-2.11.8.tgz",
      "integrity": "sha512-P1st0aksCrn9sGZhp8GMYwBnQsbvAWsZAX44oXNNvLHGqAOcoVxmjZiohstwQ7SqKnbR47akdNi+uleWD8+g6A==",
      "funding": {
        "type": "opencollective",
        "url": "https://opencollective.com/popperjs"
      }
    },
    "node_modules/chart.js": {
      "version": "4.4.2",
      "resolved": "https://registry.npmjs.org/chart.js/-/chart.js-4.4.2.tgz",
      "integrity": "sha512-6GD7iKwFpP5kbSD4MeRRRlTnQvxfQREy36uEtm1hzHzcOqwWx0YEHuspuoNlslu+nciLIB7fjjsHkUv/FzFcOg==",
      "dependencies": {
        "@kurkle/color": "^0.3.0"
      },
      "engines": {
        "pnpm": ">=8"
      }
    },
    "node_modules/date-fns": {
      "version": "2.30.0",
      "resolved": "https://registry.npmjs.org/date-fns/-/date-fns-2.30.0.tgz",
      "integrity": "sha512-fnULvOpxnC5/Vg3NCiWelDsLiUc9bRwAPs/+LfTLNvetFCtCTN+yQz15C/fs4AwX1R9K5GLtLfn8QW+dWisaAw==",
      "dependencies": {
        "@babel/runtime": "^7.21.0"
      },
      "engines": {
        "node": ">=0.11"
      },
      "funding": {
        "type": "opencollective",
        "url": "https://opencollective.com/date-fns"
      }
    },
    "node_modules/fuse.js": {
      "version": "7.0.0",
      "resolved": "https://registry.npmjs.org/fuse.js/-/fuse.js-7.0.0.tgz",
      "integrity": "sha512-14F4hBIxqKvD4Zz/XjDc3y94mNZN6pRv3U13Udo0lNLCWRBUsrMv2xwcF/y/Z5sV6+FQW+/ow68cHpm4sunt8Q==",
      "engines": {
        "node": ">=10"
      }
    },
    "node_modules/hey-listen": {
      "version": "1.0.8",
      "resolved": "https://registry.npmjs.org/hey-listen/-/hey-listen-1.0.8.tgz",
      "integrity": "sha512-COpmrF2NOg4TBWUJ5UVyaCU2A88wEMkUPK4hNqyCkqHbxT92BbvfjoSozkAIIm6XhicGlJHhFdullInrdhwU8Q=="
    },
    "node_modules/motion": {
      "version": "10.16.4",
      "resolved": "https://registry.npmjs.org/motion/-/motion-10.16.4.tgz",
      "integrity": "sha512-wvBeT0sZNgU6Od1aimjywBikqzm5yE97+L9eM/AoLy01AXNPdcnSDVHB3CoR0dGdHMbp/S0A/PjsJfWg0+k8Mg==",
      "dependencies": {
        "@motionone/animation": "^10.16.3",
        "@motionone/dom": "^10.16.4",
        "@motionone/svelte": "^10.16.4",
        "@motionone/types": "^10.16.3",
        "@motionone/utils": "^10.16.3",
        "@motionone/vue": "^10.16.4"
      }
    },
    "node_modules/mustache": {
      "version": "4.2.0",
      "resolved": "https://registry.npmjs.org/mustache/-/mustache-4.2.0.tgz",
      "integrity": "sha512-71ippSywq5Yb7/tVYyGbkBggbU8H3u5Rz56fH60jGFgr8uHwxs+aSKeqmluIVzM0m0kB7xQjKS6qPfd0b2ZoqQ==",
      "bin": {
        "mustache": "bin/mustache"
      }
    },
    "node_modules/regenerator-runtime": {
      "version": "0.14.0",
      "resolved": "https://registry.npmjs.org/regenerator-runtime/-/regenerator-runtime-0.14.0.tgz",
      "integrity": "sha512-srw17NI0TUWHuGa5CFGGmhfNIeja30WMBfbslPNhf6JrqQlLN5gcrvig1oqPxiVaXb0oW0XRKtH6Nngs5lKCIA=="
    },
    "node_modules/tippy.js": {
      "version": "6.3.7",
      "resolved": "https://registry.npmjs.org/tippy.js/-/tippy.js-6.3.7.tgz",
      "integrity": "sha512-E1d3oP2emgJ9dRQZdf3Kkn0qJgI6ZLpyS5z6ZkY1DF3kaQaBsGZsndEpHwx+eC+tYM41HaSNvNtLx8tU57FzTQ==",
      "dependencies": {
        "@popperjs/core": "^2.9.0"
      }
    },
    "node_modules/tslib": {
      "version": "2.6.2",
      "resolved": "https://registry.npmjs.org/tslib/-/tslib-2.6.2.tgz",
      "integrity": "sha512-AEYxH93jGFPn/a2iVAwW87VuUIkR1FVUKB77NwMF7nBTDkDrrT/Hpt/IrCJ0QXhW27jTBDcf5ZY7w6RiqTMw2Q=="
    }
  },
  "dependencies": {
    "@babel/runtime": {
      "version": "7.23.2",
      "resolved": "https://registry.npmjs.org/@babel/runtime/-/runtime-7.23.2.tgz",
      "integrity": "sha512-mM8eg4yl5D6i3lu2QKPuPH4FArvJ8KhTofbE7jwMUv9KX5mBvwPAqnV3MlyBNqdp9RyRKP6Yck8TrfYrPvX3bg==",
      "requires": {
        "regenerator-runtime": "^0.14.0"
      }
    },
    "@hotwired/stimulus": {
      "version": "3.2.2",
      "resolved": "https://registry.npmjs.org/@hotwired/stimulus/-/stimulus-3.2.2.tgz",
      "integrity": "sha512-eGeIqNOQpXoPAIP7tC1+1Yc1yl1xnwYqg+3mzqxyrbE5pg5YFBZcA6YoTiByJB6DKAEsiWtl6tjTJS4IYtbB7A=="
    },
    "@kurkle/color": {
      "version": "0.3.2",
      "resolved": "https://registry.npmjs.org/@kurkle/color/-/color-0.3.2.tgz",
      "integrity": "sha512-fuscdXJ9G1qb7W8VdHi+IwRqij3lBkosAm4ydQtEmbY58OzHXqQhvlxqEkoz0yssNVn38bcpRWgA9PP+OGoisw=="
    },
    "@motionone/animation": {
      "version": "10.16.3",
      "resolved": "https://registry.npmjs.org/@motionone/animation/-/animation-10.16.3.tgz",
      "integrity": "sha512-QUGWpLbMFLhyqKlngjZhjtxM8IqiJQjLK0DF+XOF6od9nhSvlaeEpOY/UMCRVcZn/9Tr2rZO22EkuCIjYdI74g==",
      "requires": {
        "@motionone/easing": "^10.16.3",
        "@motionone/types": "^10.16.3",
        "@motionone/utils": "^10.16.3",
        "tslib": "^2.3.1"
      }
    },
    "@motionone/dom": {
      "version": "10.16.4",
      "resolved": "https://registry.npmjs.org/@motionone/dom/-/dom-10.16.4.tgz",
      "integrity": "sha512-HPHlVo/030qpRj9R8fgY50KTN4Ko30moWRTA3L3imrsRBmob93cTYmodln49HYFbQm01lFF7X523OkKY0DX6UA==",
      "requires": {
        "@motionone/animation": "^10.16.3",
        "@motionone/generators": "^10.16.4",
        "@motionone/types": "^10.16.3",
        "@motionone/utils": "^10.16.3",
        "hey-listen": "^1.0.8",
        "tslib": "^2.3.1"
      }
    },
    "@motionone/easing": {
      "version": "10.16.3",
      "resolved": "https://registry.npmjs.org/@motionone/easing/-/easing-10.16.3.tgz",
      "integrity": "sha512-HWTMZbTmZojzwEuKT/xCdvoMPXjYSyQvuVM6jmM0yoGU6BWzsmYMeB4bn38UFf618fJCNtP9XeC/zxtKWfbr0w==",
      "requires": {
        "@motionone/utils": "^10.16.3",
        "tslib": "^2.3.1"
      }
    },
    "@motionone/generators": {
      "version": "10.16.4",
      "resolved": "https://registry.npmjs.org/@motionone/generators/-/generators-10.16.4.tgz",
      "integrity": "sha512-geFZ3w0Rm0ZXXpctWsSf3REGywmLLujEjxPYpBR0j+ymYwof0xbV6S5kGqqsDKgyWKVWpUInqQYvQfL6fRbXeg==",
      "requires": {
        "@motionone/types": "^10.16.3",
        "@motionone/utils": "^10.16.3",
        "tslib": "^2.3.1"
      }
    },
    "@motionone/svelte": {
      "version": "10.16.4",
      "resolved": "https://registry.npmjs.org/@motionone/svelte/-/svelte-10.16.4.tgz",
      "integrity": "sha512-zRVqk20lD1xqe+yEDZhMYgftsuHc25+9JSo+r0a0OWUJFocjSV9D/+UGhX4xgJsuwB9acPzXLr20w40VnY2PQA==",
      "requires": {
        "@motionone/dom": "^10.16.4",
        "tslib": "^2.3.1"
      }
    },
    "@motionone/types": {
      "version": "10.16.3",
      "resolved": "https://registry.npmjs.org/@motionone/types/-/types-10.16.3.tgz",
      "integrity": "sha512-W4jkEGFifDq73DlaZs3HUfamV2t1wM35zN/zX7Q79LfZ2sc6C0R1baUHZmqc/K5F3vSw3PavgQ6HyHLd/MXcWg=="
    },
    "@motionone/utils": {
      "version": "10.16.3",
      "resolved": "https://registry.npmjs.org/@motionone/utils/-/utils-10.16.3.tgz",
      "integrity": "sha512-WNWDksJIxQkaI9p9Z9z0+K27xdqISGNFy1SsWVGaiedTHq0iaT6iZujby8fT/ZnZxj1EOaxJtSfUPCFNU5CRoA==",
      "requires": {
        "@motionone/types": "^10.16.3",
        "hey-listen": "^1.0.8",
        "tslib": "^2.3.1"
      }
    },
    "@motionone/vue": {
      "version": "10.16.4",
      "resolved": "https://registry.npmjs.org/@motionone/vue/-/vue-10.16.4.tgz",
      "integrity": "sha512-z10PF9JV6SbjFq+/rYabM+8CVlMokgl8RFGvieSGNTmrkQanfHn+15XBrhG3BgUfvmTeSeyShfOHpG0i9zEdcg==",
      "requires": {
        "@motionone/dom": "^10.16.4",
        "tslib": "^2.3.1"
      }
    },
    "@popperjs/core": {
      "version": "2.11.8",
      "resolved": "https://registry.npmjs.org/@popperjs/core/-/core-2.11.8.tgz",
      "integrity": "sha512-P1st0aksCrn9sGZhp8GMYwBnQsbvAWsZAX44oXNNvLHGqAOcoVxmjZiohstwQ7SqKnbR47akdNi+uleWD8+g6A=="
    },
    "chart.js": {
      "version": "4.4.2",
      "resolved": "https://registry.npmjs.org/chart.js/-/chart.js-4.4.2.tgz",
      "integrity": "sha512-6GD7iKwFpP5kbSD4MeRRRlTnQvxfQREy36uEtm1hzHzcOqwWx0YEHuspuoNlslu+nciLIB7fjjsHkUv/FzFcOg==",
      "requires": {
        "@kurkle/color": "^0.3.0"
      }
    },
    "date-fns": {
      "version": "2.30.0",
      "resolved": "https://registry.npmjs.org/date-fns/-/date-fns-2.30.0.tgz",
      "integrity": "sha512-fnULvOpxnC5/Vg3NCiWelDsLiUc9bRwAPs/+LfTLNvetFCtCTN+yQz15C/fs4AwX1R9K5GLtLfn8QW+dWisaAw==",
      "requires": {
        "@babel/runtime": "^7.21.0"
      }
    },
    "fuse.js": {
      "version": "7.0.0",
      "resolved": "https://registry.npmjs.org/fuse.js/-/fuse.js-7.0.0.tgz",
      "integrity": "sha512-14F4hBIxqKvD4Zz/XjDc3y94mNZN6pRv3U13Udo0lNLCWRBUsrMv2xwcF/y/Z5sV6+FQW+/ow68cHpm4sunt8Q=="
    },
    "hey-listen": {
      "version": "1.0.8",
      "resolved": "https://registry.npmjs.org/hey-listen/-/hey-listen-1.0.8.tgz",
      "integrity": "sha512-COpmrF2NOg4TBWUJ5UVyaCU2A88wEMkUPK4hNqyCkqHbxT92BbvfjoSozkAIIm6XhicGlJHhFdullInrdhwU8Q=="
    },
    "motion": {
      "version": "10.16.4",
      "resolved": "https://registry.npmjs.org/motion/-/motion-10.16.4.tgz",
      "integrity": "sha512-wvBeT0sZNgU6Od1aimjywBikqzm5yE97+L9eM/AoLy01AXNPdcnSDVHB3CoR0dGdHMbp/S0A/PjsJfWg0+k8Mg==",
      "requires": {
        "@motionone/animation": "^10.16.3",
        "@motionone/dom": "^10.16.4",
        "@motionone/svelte": "^10.16.4",
        "@motionone/types": "^10.16.3",
        "@motionone/utils": "^10.16.3",
        "@motionone/vue": "^10.16.4"
      }
    },
    "mustache": {
      "version": "4.2.0",
      "resolved": "https://registry.npmjs.org/mustache/-/mustache-4.2.0.tgz",
      "integrity": "sha512-71ippSywq5Yb7/tVYyGbkBggbU8H3u5Rz56fH60jGFgr8uHwxs+aSKeqmluIVzM0m0kB7xQjKS6qPfd0b2ZoqQ=="
    },
    "regenerator-runtime": {
      "version": "0.14.0",
      "resolved": "https://registry.npmjs.org/regenerator-runtime/-/regenerator-runtime-0.14.0.tgz",
      "integrity": "sha512-srw17NI0TUWHuGa5CFGGmhfNIeja30WMBfbslPNhf6JrqQlLN5gcrvig1oqPxiVaXb0oW0XRKtH6Nngs5lKCIA=="
    },
    "tippy.js": {
      "version": "6.3.7",
      "resolved": "https://registry.npmjs.org/tippy.js/-/tippy.js-6.3.7.tgz",
      "integrity": "sha512-E1d3oP2emgJ9dRQZdf3Kkn0qJgI6ZLpyS5z6ZkY1DF3kaQaBsGZsndEpHwx+eC+tYM41HaSNvNtLx8tU57FzTQ==",
      "requires": {
        "@popperjs/core": "^2.9.0"
      }
    },
    "tslib": {
      "version": "2.6.2",
      "resolved": "https://registry.npmjs.org/tslib/-/tslib-2.6.2.tgz",
      "integrity": "sha512-AEYxH93jGFPn/a2iVAwW87VuUIkR1FVUKB77NwMF7nBTDkDrrT/Hpt/IrCJ0QXhW27jTBDcf5ZY7w6RiqTMw2Q=="
    }
  }
}
